
Microsoft Visual Studio Solution File, Format Version 12.00
# Visual Studio Version 17
VisualStudioVersion = 17.13.35913.81 d17.13
MinimumVisualStudioVersion = 10.0.40219.1
Project("{54A90642-561A-4BB1-A94E-469ADEE60C69}") = "onlineebookreader.client", "onlineebookreader.client\onlineebookreader.client.esproj", "{60A888A5-D53E-0577-A6B1-2A2C3A9EB9CE}"
EndProject
Project("{FAE04EC0-301F-11D3-BF4B-00C04F79EFBC}") = "OnlineEbookReader.Server", "OnlineEbookReader.Server\OnlineEbookReader.Server.csproj", "{B3839CD2-0C8A-447A-8054-5915620B8B88}"
EndProject
Global
	GlobalSection(SolutionConfigurationPlatforms) = preSolution
		Debug|Any CPU = Debug|Any CPU
		Release|Any CPU = Release|Any CPU
	EndGlobalSection
	GlobalSection(ProjectConfigurationPlatforms) = postSolution
		{60A888A5-D53E-0577-A6B1-2A2C3A9EB9CE}.Debug|Any CPU.ActiveCfg = Debug|Any CPU
		{60A888A5-D53E-0577-A6B1-2A2C3A9EB9CE}.Debug|Any CPU.Build.0 = Debug|Any CPU
		{60A888A5-D53E-0577-A6B1-2A2C3A9EB9CE}.Debug|Any CPU.Deploy.0 = Debug|Any CPU
		{60A888A5-D53E-0577-A6B1-2A2C3A9EB9CE}.Release|Any CPU.ActiveCfg = Release|Any CPU
		{60A888A5-D53E-0577-A6B1-2A2C3A9EB9CE}.Release|Any CPU.Build.0 = Release|Any CPU
		{60A888A5-D53E-0577-A6B1-2A2C3A9EB9CE}.Release|Any CPU.Deploy.0 = Release|Any CPU
		{B3839CD2-0C8A-447A-8054-5915620B8B88}.Debug|Any CPU.ActiveCfg = Debug|Any CPU
		{B3839CD2-0C8A-447A-8054-5915620B8B88}.Debug|Any CPU.Build.0 = Debug|Any CPU
		{B3839CD2-0C8A-447A-8054-5915620B8B88}.Release|Any CPU.ActiveCfg = Release|Any CPU
		{B3839CD2-0C8A-447A-8054-5915620B8B88}.Release|Any CPU.Build.0 = Release|Any CPU
	EndGlobalSection
	GlobalSection(SolutionProperties) = preSolution
		HideSolutionNode = FALSE
	EndGlobalSection
	GlobalSection(ExtensibilityGlobals) = postSolution
		SolutionGuid = {8DAE1D52-EA50-4BD9-94C2-4F0F0534D650}
	EndGlobalSection
EndGlobal
